
Microsoft Visual Studio Solution File, Format Version 12.00
# Visual Studio Version 17
VisualStudioVersion = 17.4.33122.133
MinimumVisualStudioVersion = 10.0.40219.1
Project("{9A19103F-16F7-4668-BE54-9A1E7A4F7556}") = "MySite.Presentation", "Mysite\MySite.Presentation.csproj", "{0AC3C4AB-A2B5-4CAD-945E-78D6746A2B3B}"
EndProject
Project("{9A19103F-16F7-4668-BE54-9A1E7A4F7556}") = "MySite.Core", "Core\MySite.Core.csproj", "{82064300-601F-4039-9A9E-CE609492D915}"
EndProject
Project("{9A19103F-16F7-4668-BE54-9A1E7A4F7556}") = "MySite.DataAccess", "DataAccess\MySite.DataAccess.csproj", "{875EA7D7-5BCE-47B9-9111-86D8D16F4405}"
EndProject
Global
	GlobalSection(SolutionConfigurationPlatforms) = preSolution
		Debug|Any CPU = Debug|Any CPU
		Release|Any CPU = Release|Any CPU
	EndGlobalSection
	GlobalSection(ProjectConfigurationPlatforms) = postSolution
		{0AC3C4AB-A2B5-4CAD-945E-78D6746A2B3B}.Debug|Any CPU.ActiveCfg = Debug|Any CPU
		{0AC3C4AB-A2B5-4CAD-945E-78D6746A2B3B}.Debug|Any CPU.Build.0 = Debug|Any CPU
		{0AC3C4AB-A2B5-4CAD-945E-78D6746A2B3B}.Release|Any CPU.ActiveCfg = Release|Any CPU
		{0AC3C4AB-A2B5-4CAD-945E-78D6746A2B3B}.Release|Any CPU.Build.0 = Release|Any CPU
		{82064300-601F-4039-9A9E-CE609492D915}.Debug|Any CPU.ActiveCfg = Debug|Any CPU
		{82064300-601F-4039-9A9E-CE609492D915}.Debug|Any CPU.Build.0 = Debug|Any CPU
		{82064300-601F-4039-9A9E-CE609492D915}.Release|Any CPU.ActiveCfg = Release|Any CPU
		{82064300-601F-4039-9A9E-CE609492D915}.Release|Any CPU.Build.0 = Release|Any CPU
		{875EA7D7-5BCE-47B9-9111-86D8D16F4405}.Debug|Any CPU.ActiveCfg = Debug|Any CPU
		{875EA7D7-5BCE-47B9-9111-86D8D16F4405}.Debug|Any CPU.Build.0 = Debug|Any CPU
		{875EA7D7-5BCE-47B9-9111-86D8D16F4405}.Release|Any CPU.ActiveCfg = Release|Any CPU
		{875EA7D7-5BCE-47B9-9111-86D8D16F4405}.Release|Any CPU.Build.0 = Release|Any CPU
	EndGlobalSection
	GlobalSection(SolutionProperties) = preSolution
		HideSolutionNode = FALSE
	EndGlobalSection
	GlobalSection(ExtensibilityGlobals) = postSolution
		SolutionGuid = {17789822-98D6-4D71-B69D-BCD4E4F849F2}
	EndGlobalSection
EndGlobal
